{
  "name": "vendorval-test-node",
  "version": "0.0.0",
  "lockfileVersion": 3,
  "requires": true,
  "packages": {
    "": {
      "name": "vendorval-test-node",
      "version": "0.0.0",
      "dependencies": {
        "vendorval": "file:../packages/node"
      }
    },
    "../packages/node": {
      "name": "vendorval",
      "version": "0.1.0",
      "license": "MIT",
      "devDependencies": {
        "@types/node": "^20.12.0",
        "tsup": "^8.0.0",
        "typescript": "^5.4.0",
        "vitest": "^1.6.0"
      },
      "engines": {
        "node": ">=18"
      }
    },
    "node_modules/vendorval": {
      "resolved": "../packages/node",
      "link": true
    }
  }
}
